
Microsoft Visual Studio Solution File, Format Version 12.00
# Visual Studio Version 16
VisualStudioVersion = 16.0.31729.503
MinimumVisualStudioVersion = 10.0.40219.1
Project("{FAE04EC0-301F-11D3-BF4B-00C04F79EFBC}") = "Cancemi_ProvaComune", "Cancemi_ProvaComune\Cancemi_ProvaComune.csproj", "{11753185-F31E-476C-BF36-4CA1260D110E}"
EndProject
Global
	GlobalSection(SolutionConfigurationPlatforms) = preSolution
		Debug|Any CPU = Debug|Any CPU
		Release|Any CPU = Release|Any CPU
	EndGlobalSection
	GlobalSection(ProjectConfigurationPlatforms) = postSolution
		{11753185-F31E-476C-BF36-4CA1260D110E}.Debug|Any CPU.ActiveCfg = Debug|Any CPU
		{11753185-F31E-476C-BF36-4CA1260D110E}.Debug|Any CPU.Build.0 = Debug|Any CPU
		{11753185-F31E-476C-BF36-4CA1260D110E}.Release|Any CPU.ActiveCfg = Release|Any CPU
		{11753185-F31E-476C-BF36-4CA1260D110E}.Release|Any CPU.Build.0 = Release|Any CPU
	EndGlobalSection
	GlobalSection(SolutionProperties) = preSolution
		HideSolutionNode = FALSE
	EndGlobalSection
	GlobalSection(ExtensibilityGlobals) = postSolution
		SolutionGuid = {5CA23829-A1DE-459D-983D-6A91C32434CC}
	EndGlobalSection
EndGlobal
